// !$*UTF8*$!
{
	archiveVersion = 1;
	classes = {
	};
	objectVersion = 46;
	objects = {

/* Begin PBXBuildFile section */
		6F502AD7303F1F5200A0C6A4 /* RNInlineInAppViewRegistry.m in Sources */ = {isa = PBXBuildFile; fileRef = 6F502AC8303F1F5200A0C6A4 /* RNInlineInAppViewRegistry.m */; };
		6F502AD8303F1F5200A0C6A4 /* RNClient+Functions.m in Sources */ = {isa = PBXBuildFile; fileRef = 6F502ABC303F1F5200A0C6A4 /* RNClient+Functions.m */; };
		6F502AD9303F1F5200A0C6A4 /* RNInlineInAppViewManager.m in Sources */ = {isa = PBXBuildFile; fileRef = 6F502AC6303F1F5200A0C6A4 /* RNInlineInAppViewManager.m */; };
		6F502ADA303F1F5200A0C6A4 /* RNSyneriseNotifications.m in Sources */ = {isa = PBXBuildFile; fileRef = 6F502AD2303F1F5200A0C6A4 /* RNSyneriseNotifications.m */; };
		6F502ADB303F1F5200A0C6A4 /* NSMutableDictionary+ReactNative.m in Sources */ = {isa = PBXBuildFile; fileRef = 6F502AAE303F1F5200A0C6A4 /* NSMutableDictionary+ReactNative.m */; };
		6F502ADC303F1F5200A0C6A4 /* RNPromotions.m in Sources */ = {isa = PBXBuildFile; fileRef = 6F502ACA303F1F5200A0C6A4 /* RNPromotions.m */; };
		6F502ADD303F1F5200A0C6A4 /* RNSyneriseInitializer.m in Sources */ = {isa = PBXBuildFile; fileRef = 6F502AB3303F1F5200A0C6A4 /* RNSyneriseInitializer.m */; };
		6F502ADE303F1F5200A0C6A4 /* NSDictionary+ReactNative.m in Sources */ = {isa = PBXBuildFile; fileRef = 6F502AAC303F1F5200A0C6A4 /* NSDictionary+ReactNative.m */; };
		6F502ADF303F1F5200A0C6A4 /* RNSynerise.m in Sources */ = {isa = PBXBuildFile; fileRef = 6F502AD0303F1F5200A0C6A4 /* RNSynerise.m */; };
		6F502AE0303F1F5200A0C6A4 /* RNInjector.m in Sources */ = {isa = PBXBuildFile; fileRef = 6F502AC2303F1F5200A0C6A4 /* RNInjector.m */; };
		6F502AE1303F1F5200A0C6A4 /* RNSyneriseEventEmitter.m in Sources */ = {isa = PBXBuildFile; fileRef = 6F502AB1303F1F5200A0C6A4 /* RNSyneriseEventEmitter.m */; };
		6F502AE2303F1F5200A0C6A4 /* RNBaseModule.m in Sources */ = {isa = PBXBuildFile; fileRef = 6F502AB8303F1F5200A0C6A4 /* RNBaseModule.m */; };
		6F502AE3303F1F5200A0C6A4 /* RNSyneriseManager.m in Sources */ = {isa = PBXBuildFile; fileRef = 6F502AB5303F1F5200A0C6A4 /* RNSyneriseManager.m */; };
		6F502AE4303F1F5200A0C6A4 /* RNSettings.m in Sources */ = {isa = PBXBuildFile; fileRef = 6F502ACE303F1F5200A0C6A4 /* RNSettings.m */; };
		6F502AE5303F1F5200A0C6A4 /* RNContent.m in Sources */ = {isa = PBXBuildFile; fileRef = 6F502ABE303F1F5200A0C6A4 /* RNContent.m */; };
		6F502AE6303F1F5200A0C6A4 /* RNPromotions+Functions.m in Sources */ = {isa = PBXBuildFile; fileRef = 6F502ACC303F1F5200A0C6A4 /* RNPromotions+Functions.m */; };
		6F502AE7303F1F5200A0C6A4 /* RNClient.m in Sources */ = {isa = PBXBuildFile; fileRef = 6F502ABA303F1F5200A0C6A4 /* RNClient.m */; };
		6F502AE8303F1F5200A0C6A4 /* RNTracker.m in Sources */ = {isa = PBXBuildFile; fileRef = 6F502AD4303F1F5200A0C6A4 /* RNTracker.m */; };
		6F502AE9303F1F5200A0C6A4 /* RNInlineInAppView.m in Sources */ = {isa = PBXBuildFile; fileRef = 6F502AC4303F1F5200A0C6A4 /* RNInlineInAppView.m */; };
		6F502AEA303F1F5200A0C6A4 /* RNInAppManager.m in Sources */ = {isa = PBXBuildFile; fileRef = 6F502AC0303F1F5200A0C6A4 /* RNInAppManager.m */; };
/* End PBXBuildFile section */

/* Begin PBXCopyFilesBuildPhase section */
		6F17D04B23756B0B00D725AE /* CopyFiles */ = {
			isa = PBXCopyFilesBuildPhase;
			buildActionMask = 2147483647;
			dstPath = "include/$(PRODUCT_NAME)";
			dstSubfolderSpec = 16;
			files = (
			);
			runOnlyForDeploymentPostprocessing = 0;
		};
/* End PBXCopyFilesBuildPhase section */

/* Begin PBXFileReference section */
		6F502AAB303F1F5200A0C6A4 /* NSDictionary+ReactNative.h */ = {isa = PBXFileReference; lastKnownFileType = sourcecode.c.h; path = "NSDictionary+ReactNative.h"; sourceTree = "<group>"; };
		6F502AAC303F1F5200A0C6A4 /* NSDictionary+ReactNative.m */ = {isa = PBXFileReference; lastKnownFileType = sourcecode.c.objc; path = "NSDictionary+ReactNative.m"; sourceTree = "<group>"; };
		6F502AAD303F1F5200A0C6A4 /* NSMutableDictionary+ReactNative.h */ = {isa = PBXFileReference; lastKnownFileType = sourcecode.c.h; path = "NSMutableDictionary+ReactNative.h"; sourceTree = "<group>"; };
		6F502AAE303F1F5200A0C6A4 /* NSMutableDictionary+ReactNative.m */ = {isa = PBXFileReference; lastKnownFileType = sourcecode.c.objc; path = "NSMutableDictionary+ReactNative.m"; sourceTree = "<group>"; };
		6F502AB0303F1F5200A0C6A4 /* RNSyneriseEventEmitter.h */ = {isa = PBXFileReference; lastKnownFileType = sourcecode.c.h; path = RNSyneriseEventEmitter.h; sourceTree = "<group>"; };
		6F502AB1303F1F5200A0C6A4 /* RNSyneriseEventEmitter.m */ = {isa = PBXFileReference; lastKnownFileType = sourcecode.c.objc; path = RNSyneriseEventEmitter.m; sourceTree = "<group>"; };
		6F502AB2303F1F5200A0C6A4 /* RNSyneriseInitializer.h */ = {isa = PBXFileReference; lastKnownFileType = sourcecode.c.h; path = RNSyneriseInitializer.h; sourceTree = "<group>"; };
		6F502AB3303F1F5200A0C6A4 /* RNSyneriseInitializer.m */ = {isa = PBXFileReference; lastKnownFileType = sourcecode.c.objc; path = RNSyneriseInitializer.m; sourceTree = "<group>"; };
		6F502AB4303F1F5200A0C6A4 /* RNSyneriseManager.h */ = {isa = PBXFileReference; lastKnownFileType = sourcecode.c.h; path = RNSyneriseManager.h; sourceTree = "<group>"; };
		6F502AB5303F1F5200A0C6A4 /* RNSyneriseManager.m */ = {isa = PBXFileReference; lastKnownFileType = sourcecode.c.objc; path = RNSyneriseManager.m; sourceTree = "<group>"; };
		6F502AB7303F1F5200A0C6A4 /* RNBaseModule.h */ = {isa = PBXFileReference; lastKnownFileType = sourcecode.c.h; path = RNBaseModule.h; sourceTree = "<group>"; };
		6F502AB8303F1F5200A0C6A4 /* RNBaseModule.m */ = {isa = PBXFileReference; lastKnownFileType = sourcecode.c.objc; path = RNBaseModule.m; sourceTree = "<group>"; };
		6F502AB9303F1F5200A0C6A4 /* RNClient.h */ = {isa = PBXFileReference; lastKnownFileType = sourcecode.c.h; path = RNClient.h; sourceTree = "<group>"; };
		6F502ABA303F1F5200A0C6A4 /* RNClient.m */ = {isa = PBXFileReference; lastKnownFileType = sourcecode.c.objc; path = RNClient.m; sourceTree = "<group>"; };
		6F502ABB303F1F5200A0C6A4 /* RNClient+Functions.h */ = {isa = PBXFileReference; lastKnownFileType = sourcecode.c.h; path = "RNClient+Functions.h"; sourceTree = "<group>"; };
		6F502ABC303F1F5200A0C6A4 /* RNClient+Functions.m */ = {isa = PBXFileReference; lastKnownFileType = sourcecode.c.objc; path = "RNClient+Functions.m"; sourceTree = "<group>"; };
		6F502ABD303F1F5200A0C6A4 /* RNContent.h */ = {isa = PBXFileReference; lastKnownFileType = sourcecode.c.h; path = RNContent.h; sourceTree = "<group>"; };
		6F502ABE303F1F5200A0C6A4 /* RNContent.m */ = {isa = PBXFileReference; lastKnownFileType = sourcecode.c.objc; path = RNContent.m; sourceTree = "<group>"; };
		6F502ABF303F1F5200A0C6A4 /* RNInAppManager.h */ = {isa = PBXFileReference; lastKnownFileType = sourcecode.c.h; path = RNInAppManager.h; sourceTree = "<group>"; };
		6F502AC0303F1F5200A0C6A4 /* RNInAppManager.m */ = {isa = PBXFileReference; lastKnownFileType = sourcecode.c.objc; path = RNInAppManager.m; sourceTree = "<group>"; };
		6F502AC1303F1F5200A0C6A4 /* RNInjector.h */ = {isa = PBXFileReference; lastKnownFileType = sourcecode.c.h; path = RNInjector.h; sourceTree = "<group>"; };
		6F502AC2303F1F5200A0C6A4 /* RNInjector.m */ = {isa = PBXFileReference; lastKnownFileType = sourcecode.c.objc; path = RNInjector.m; sourceTree = "<group>"; };
		6F502AC3303F1F5200A0C6A4 /* RNInlineInAppView.h */ = {isa = PBXFileReference; lastKnownFileType = sourcecode.c.h; path = RNInlineInAppView.h; sourceTree = "<group>"; };
		6F502AC4303F1F5200A0C6A4 /* RNInlineInAppView.m */ = {isa = PBXFileReference; lastKnownFileType = sourcecode.c.objc; path = RNInlineInAppView.m; sourceTree = "<group>"; };
		6F502AC5303F1F5200A0C6A4 /* RNInlineInAppViewManager.h */ = {isa = PBXFileReference; lastKnownFileType = sourcecode.c.h; path = RNInlineInAppViewManager.h; sourceTree = "<group>"; };
		6F502AC6303F1F5200A0C6A4 /* RNInlineInAppViewManager.m */ = {isa = PBXFileReference; lastKnownFileType = sourcecode.c.objc; path = RNInlineInAppViewManager.m; sourceTree = "<group>"; };
		6F502AC7303F1F5200A0C6A4 /* RNInlineInAppViewRegistry.h */ = {isa = PBXFileReference; lastKnownFileType = sourcecode.c.h; path = RNInlineInAppViewRegistry.h; sourceTree = "<group>"; };
		6F502AC8303F1F5200A0C6A4 /* RNInlineInAppViewRegistry.m */ = {isa = PBXFileReference; lastKnownFileType = sourcecode.c.objc; path = RNInlineInAppViewRegistry.m; sourceTree = "<group>"; };
		6F502AC9303F1F5200A0C6A4 /* RNPromotions.h */ = {isa = PBXFileReference; lastKnownFileType = sourcecode.c.h; path = RNPromotions.h; sourceTree = "<group>"; };
		6F502ACA303F1F5200A0C6A4 /* RNPromotions.m */ = {isa = PBXFileReference; lastKnownFileType = sourcecode.c.objc; path = RNPromotions.m; sourceTree = "<group>"; };
		6F502ACB303F1F5200A0C6A4 /* RNPromotions+Functions.h */ = {isa = PBXFileReference; lastKnownFileType = sourcecode.c.h; path = "RNPromotions+Functions.h"; sourceTree = "<group>"; };
		6F502ACC303F1F5200A0C6A4 /* RNPromotions+Functions.m */ = {isa = PBXFileReference; lastKnownFileType = sourcecode.c.objc; path = "RNPromotions+Functions.m"; sourceTree = "<group>"; };
		6F502ACD303F1F5200A0C6A4 /* RNSettings.h */ = {isa = PBXFileReference; lastKnownFileType = sourcecode.c.h; path = RNSettings.h; sourceTree = "<group>"; };
		6F502ACE303F1F5200A0C6A4 /* RNSettings.m */ = {isa = PBXFileReference; lastKnownFileType = sourcecode.c.objc; path = RNSettings.m; sourceTree = "<group>"; };
		6F502ACF303F1F5200A0C6A4 /* RNSynerise.h */ = {isa = PBXFileReference; lastKnownFileType = sourcecode.c.h; path = RNSynerise.h; sourceTree = "<group>"; };
		6F502AD0303F1F5200A0C6A4 /* RNSynerise.m */ = {isa = PBXFileReference; lastKnownFileType = sourcecode.c.objc; path = RNSynerise.m; sourceTree = "<group>"; };
		6F502AD1303F1F5200A0C6A4 /* RNSyneriseNotifications.h */ = {isa = PBXFileReference; lastKnownFileType = sourcecode.c.h; path = RNSyneriseNotifications.h; sourceTree = "<group>"; };
		6F502AD2303F1F5200A0C6A4 /* RNSyneriseNotifications.m */ = {isa = PBXFileReference; lastKnownFileType = sourcecode.c.objc; path = RNSyneriseNotifications.m; sourceTree = "<group>"; };
		6F502AD3303F1F5200A0C6A4 /* RNTracker.h */ = {isa = PBXFileReference; lastKnownFileType = sourcecode.c.h; path = RNTracker.h; sourceTree = "<group>"; };
		6F502AD4303F1F5200A0C6A4 /* RNTracker.m */ = {isa = PBXFileReference; lastKnownFileType = sourcecode.c.objc; path = RNTracker.m; sourceTree = "<group>"; };
		6F502AD6303F1F5200A0C6A4 /* ReactNativeSynerise.h */ = {isa = PBXFileReference; lastKnownFileType = sourcecode.c.h; path = ReactNativeSynerise.h; sourceTree = "<group>"; };
		6FF3B32D23758DB5009EC43C /* libReactNativeSynerise.a */ = {isa = PBXFileReference; explicitFileType = archive.ar; includeInIndex = 0; path = libReactNativeSynerise.a; sourceTree = BUILT_PRODUCTS_DIR; };
/* End PBXFileReference section */

/* Begin PBXFrameworksBuildPhase section */
		6F17D04A23756B0B00D725AE /* Frameworks */ = {
			isa = PBXFrameworksBuildPhase;
			buildActionMask = 2147483647;
			files = (
			);
			runOnlyForDeploymentPostprocessing = 0;
		};
/* End PBXFrameworksBuildPhase section */

/* Begin PBXGroup section */
		134814211AA4EA7D00B7C361 /* Products */ = {
			isa = PBXGroup;
			children = (
			);
			name = Products;
			sourceTree = "<group>";
		};
		58B511D21A9E6C8500147676 = {
			isa = PBXGroup;
			children = (
				6F17D05E23756C4F00D725AE /* ReactNativeSynerise */,
				134814211AA4EA7D00B7C361 /* Products */,
				6FF3B32D23758DB5009EC43C /* libReactNativeSynerise.a */,
			);
			sourceTree = "<group>";
		};
		6F17D05E23756C4F00D725AE /* ReactNativeSynerise */ = {
			isa = PBXGroup;
			children = (
				6F502AAF303F1F5200A0C6A4 /* Categories */,
				6F502AB6303F1F5200A0C6A4 /* Main */,
				6F502AD5303F1F5200A0C6A4 /* Modules */,
				6F502AD6303F1F5200A0C6A4 /* ReactNativeSynerise.h */,
			);
			path = ReactNativeSynerise;
			sourceTree = "<group>";
		};
		6F502AAF303F1F5200A0C6A4 /* Categories */ = {
			isa = PBXGroup;
			children = (
				6F502AAB303F1F5200A0C6A4 /* NSDictionary+ReactNative.h */,
				6F502AAC303F1F5200A0C6A4 /* NSDictionary+ReactNative.m */,
				6F502AAD303F1F5200A0C6A4 /* NSMutableDictionary+ReactNative.h */,
				6F502AAE303F1F5200A0C6A4 /* NSMutableDictionary+ReactNative.m */,
			);
			path = Categories;
			sourceTree = "<group>";
		};
		6F502AB6303F1F5200A0C6A4 /* Main */ = {
			isa = PBXGroup;
			children = (
				6F502AB0303F1F5200A0C6A4 /* RNSyneriseEventEmitter.h */,
				6F502AB1303F1F5200A0C6A4 /* RNSyneriseEventEmitter.m */,
				6F502AB2303F1F5200A0C6A4 /* RNSyneriseInitializer.h */,
				6F502AB3303F1F5200A0C6A4 /* RNSyneriseInitializer.m */,
				6F502AB4303F1F5200A0C6A4 /* RNSyneriseManager.h */,
				6F502AB5303F1F5200A0C6A4 /* RNSyneriseManager.m */,
			);
			path = Main;
			sourceTree = "<group>";
		};
		6F502AD5303F1F5200A0C6A4 /* Modules */ = {
			isa = PBXGroup;
			children = (
				6F502AB7303F1F5200A0C6A4 /* RNBaseModule.h */,
				6F502AB8303F1F5200A0C6A4 /* RNBaseModule.m */,
				6F502AB9303F1F5200A0C6A4 /* RNClient.h */,
				6F502ABA303F1F5200A0C6A4 /* RNClient.m */,
				6F502ABB303F1F5200A0C6A4 /* RNClient+Functions.h */,
				6F502ABC303F1F5200A0C6A4 /* RNClient+Functions.m */,
				6F502ABD303F1F5200A0C6A4 /* RNContent.h */,
				6F502ABE303F1F5200A0C6A4 /* RNContent.m */,
				6F502ABF303F1F5200A0C6A4 /* RNInAppManager.h */,
				6F502AC0303F1F5200A0C6A4 /* RNInAppManager.m */,
				6F502AC1303F1F5200A0C6A4 /* RNInjector.h */,
				6F502AC2303F1F5200A0C6A4 /* RNInjector.m */,
				6F502AC3303F1F5200A0C6A4 /* RNInlineInAppView.h */,
				6F502AC4303F1F5200A0C6A4 /* RNInlineInAppView.m */,
				6F502AC5303F1F5200A0C6A4 /* RNInlineInAppViewManager.h */,
				6F502AC6303F1F5200A0C6A4 /* RNInlineInAppViewManager.m */,
				6F502AC7303F1F5200A0C6A4 /* RNInlineInAppViewRegistry.h */,
				6F502AC8303F1F5200A0C6A4 /* RNInlineInAppViewRegistry.m */,
				6F502AC9303F1F5200A0C6A4 /* RNPromotions.h */,
				6F502ACA303F1F5200A0C6A4 /* RNPromotions.m */,
				6F502ACB303F1F5200A0C6A4 /* RNPromotions+Functions.h */,
				6F502ACC303F1F5200A0C6A4 /* RNPromotions+Functions.m */,
				6F502ACD303F1F5200A0C6A4 /* RNSettings.h */,
				6F502ACE303F1F5200A0C6A4 /* RNSettings.m */,
				6F502ACF303F1F5200A0C6A4 /* RNSynerise.h */,
				6F502AD0303F1F5200A0C6A4 /* RNSynerise.m */,
				6F502AD1303F1F5200A0C6A4 /* RNSyneriseNotifications.h */,
				6F502AD2303F1F5200A0C6A4 /* RNSyneriseNotifications.m */,
				6F502AD3303F1F5200A0C6A4 /* RNTracker.h */,
				6F502AD4303F1F5200A0C6A4 /* RNTracker.m */,
			);
			path = Modules;
			sourceTree = "<group>";
		};
/* End PBXGroup section */

/* Begin PBXNativeTarget section */
		6F17D04C23756B0B00D725AE /* ReactNativeSynerise */ = {
			isa = PBXNativeTarget;
			buildConfigurationList = 6F17D05323756B0B00D725AE /* Build configuration list for PBXNativeTarget "ReactNativeSynerise" */;
			buildPhases = (
				6F17D04923756B0B00D725AE /* Sources */,
				6F17D04A23756B0B00D725AE /* Frameworks */,
				6F17D04B23756B0B00D725AE /* CopyFiles */,
			);
			buildRules = (
			);
			dependencies = (
			);
			name = ReactNativeSynerise;
			productName = ReactNativeSynerise;
			productReference = 6FF3B32D23758DB5009EC43C /* libReactNativeSynerise.a */;
			productType = "com.apple.product-type.library.static";
		};
/* End PBXNativeTarget section */

/* Begin PBXProject section */
		58B511D31A9E6C8500147676 /* Project object */ = {
			isa = PBXProject;
			attributes = {
				LastUpgradeCheck = 0830;
				ORGANIZATIONNAME = Facebook;
				TargetAttributes = {
					6F17D04C23756B0B00D725AE = {
						CreatedOnToolsVersion = 11.2;
						DevelopmentTeam = 34N2Z22TKH;
						ProvisioningStyle = Automatic;
					};
				};
			};
			buildConfigurationList = 58B511D61A9E6C8500147676 /* Build configuration list for PBXProject "ReactNativeSynerise" */;
			compatibilityVersion = "Xcode 3.2";
			developmentRegion = English;
			hasScannedForEncodings = 0;
			knownRegions = (
				English,
				en,
			);
			mainGroup = 58B511D21A9E6C8500147676;
			productRefGroup = 58B511D21A9E6C8500147676;
			projectDirPath = "";
			projectRoot = "";
			targets = (
				6F17D04C23756B0B00D725AE /* ReactNativeSynerise */,
			);
		};
/* End PBXProject section */

/* Begin PBXSourcesBuildPhase section */
		6F17D04923756B0B00D725AE /* Sources */ = {
			isa = PBXSourcesBuildPhase;
			buildActionMask = 2147483647;
			files = (
				6F502AD7303F1F5200A0C6A4 /* RNInlineInAppViewRegistry.m in Sources */,
				6F502AD8303F1F5200A0C6A4 /* RNClient+Functions.m in Sources */,
				6F502AD9303F1F5200A0C6A4 /* RNInlineInAppViewManager.m in Sources */,
				6F502ADA303F1F5200A0C6A4 /* RNSyneriseNotifications.m in Sources */,
				6F502ADB303F1F5200A0C6A4 /* NSMutableDictionary+ReactNative.m in Sources */,
				6F502ADC303F1F5200A0C6A4 /* RNPromotions.m in Sources */,
				6F502ADD303F1F5200A0C6A4 /* RNSyneriseInitializer.m in Sources */,
				6F502ADE303F1F5200A0C6A4 /* NSDictionary+ReactNative.m in Sources */,
				6F502ADF303F1F5200A0C6A4 /* RNSynerise.m in Sources */,
				6F502AE0303F1F5200A0C6A4 /* RNInjector.m in Sources */,
				6F502AE1303F1F5200A0C6A4 /* RNSyneriseEventEmitter.m in Sources */,
				6F502AE2303F1F5200A0C6A4 /* RNBaseModule.m in Sources */,
				6F502AE3303F1F5200A0C6A4 /* RNSyneriseManager.m in Sources */,
				6F502AE4303F1F5200A0C6A4 /* RNSettings.m in Sources */,
				6F502AE5303F1F5200A0C6A4 /* RNContent.m in Sources */,
				6F502AE6303F1F5200A0C6A4 /* RNPromotions+Functions.m in Sources */,
				6F502AE7303F1F5200A0C6A4 /* RNClient.m in Sources */,
				6F502AE8303F1F5200A0C6A4 /* RNTracker.m in Sources */,
				6F502AE9303F1F5200A0C6A4 /* RNInlineInAppView.m in Sources */,
				6F502AEA303F1F5200A0C6A4 /* RNInAppManager.m in Sources */,
			);
			runOnlyForDeploymentPostprocessing = 0;
		};
/* End PBXSourcesBuildPhase section */

/* Begin XCBuildConfiguration section */
		58B511ED1A9E6C8500147676 /* Debug */ = {
			isa = XCBuildConfiguration;
			buildSettings = {
				ALWAYS_SEARCH_USER_PATHS = YES;
				CLANG_CXX_LANGUAGE_STANDARD = "gnu++0x";
				CLANG_CXX_LIBRARY = "libc++";
				CLANG_ENABLE_MODULES = YES;
				CLANG_ENABLE_OBJC_ARC = YES;
				CLANG_WARN_BOOL_CONVERSION = YES;
				CLANG_WARN_CONSTANT_CONVERSION = YES;
				CLANG_WARN_DIRECT_OBJC_ISA_USAGE = YES_ERROR;
				CLANG_WARN_EMPTY_BODY = YES;
				CLANG_WARN_ENUM_CONVERSION = YES;
				CLANG_WARN_INFINITE_RECURSION = YES;
				CLANG_WARN_INT_CONVERSION = YES;
				CLANG_WARN_OBJC_ROOT_CLASS = YES_ERROR;
				CLANG_WARN_SUSPICIOUS_MOVE = YES;
				CLANG_WARN_UNREACHABLE_CODE = YES;
				CLANG_WARN__DUPLICATE_METHOD_MATCH = YES;
				COPY_PHASE_STRIP = NO;
				ENABLE_STRICT_OBJC_MSGSEND = YES;
				ENABLE_TESTABILITY = YES;
				FRAMEWORK_SEARCH_PATHS = (
					"$(inherited)",
					"$(SRCROOT)",
					"$(SRCROOT)/../../react-native/**",
					"$(SRCROOT)/../../../node_modules/react-native/**",
				);
				GCC_C_LANGUAGE_STANDARD = gnu99;
				GCC_DYNAMIC_NO_PIC = NO;
				GCC_NO_COMMON_BLOCKS = YES;
				GCC_OPTIMIZATION_LEVEL = 0;
				GCC_PREFIX_HEADER = "";
				GCC_PREPROCESSOR_DEFINITIONS = (
					"DEBUG=1",
					"$(inherited)",
				);
				GCC_SYMBOLS_PRIVATE_EXTERN = NO;
				GCC_WARN_64_TO_32_BIT_CONVERSION = YES;
				GCC_WARN_ABOUT_RETURN_TYPE = YES_ERROR;
				GCC_WARN_UNDECLARED_SELECTOR = YES;
				GCC_WARN_UNINITIALIZED_AUTOS = YES_AGGRESSIVE;
				GCC_WARN_UNUSED_FUNCTION = YES;
				GCC_WARN_UNUSED_VARIABLE = YES;
				HEADER_SEARCH_PATHS = (
					"$(inherited)",
					"$(SRCROOT)",
				);
				IPHONEOS_DEPLOYMENT_TARGET = 9.0;
				MTL_ENABLE_DEBUG_INFO = YES;
				ONLY_ACTIVE_ARCH = YES;
				SDKROOT = iphoneos;
			};
			name = Debug;
		};
		58B511EE1A9E6C8500147676 /* Release */ = {
			isa = XCBuildConfiguration;
			buildSettings = {
				ALWAYS_SEARCH_USER_PATHS = YES;
				CLANG_CXX_LANGUAGE_STANDARD = "gnu++0x";
				CLANG_CXX_LIBRARY = "libc++";
				CLANG_ENABLE_MODULES = YES;
				CLANG_ENABLE_OBJC_ARC = YES;
				CLANG_WARN_BOOL_CONVERSION = YES;
				CLANG_WARN_CONSTANT_CONVERSION = YES;
				CLANG_WARN_DIRECT_OBJC_ISA_USAGE = YES_ERROR;
				CLANG_WARN_EMPTY_BODY = YES;
				CLANG_WARN_ENUM_CONVERSION = YES;
				CLANG_WARN_INFINITE_RECURSION = YES;
				CLANG_WARN_INT_CONVERSION = YES;
				CLANG_WARN_OBJC_ROOT_CLASS = YES_ERROR;
				CLANG_WARN_SUSPICIOUS_MOVE = YES;
				CLANG_WARN_UNREACHABLE_CODE = YES;
				CLANG_WARN__DUPLICATE_METHOD_MATCH = YES;
				COPY_PHASE_STRIP = YES;
				ENABLE_NS_ASSERTIONS = NO;
				ENABLE_STRICT_OBJC_MSGSEND = YES;
				FRAMEWORK_SEARCH_PATHS = (
					"$(inherited)",
					"$(SRCROOT)",
					"$(SRCROOT)/../../react-native/**",
					"$(SRCROOT)/../../../node_modules/react-native/**",
				);
				GCC_C_LANGUAGE_STANDARD = gnu99;
				GCC_NO_COMMON_BLOCKS = YES;
				GCC_PREFIX_HEADER = "";
				GCC_WARN_64_TO_32_BIT_CONVERSION = YES;
				GCC_WARN_ABOUT_RETURN_TYPE = YES_ERROR;
				GCC_WARN_UNDECLARED_SELECTOR = YES;
				GCC_WARN_UNINITIALIZED_AUTOS = YES_AGGRESSIVE;
				GCC_WARN_UNUSED_FUNCTION = YES;
				GCC_WARN_UNUSED_VARIABLE = YES;
				HEADER_SEARCH_PATHS = (
					"$(inherited)",
					"$(SRCROOT)",
				);
				IPHONEOS_DEPLOYMENT_TARGET = 9.0;
				MTL_ENABLE_DEBUG_INFO = NO;
				SDKROOT = iphoneos;
				VALIDATE_PRODUCT = YES;
			};
			name = Release;
		};
		6F17D05423756B0B00D725AE /* Debug */ = {
			isa = XCBuildConfiguration;
			buildSettings = {
				ALWAYS_SEARCH_USER_PATHS = NO;
				CLANG_ANALYZER_NONNULL = YES;
				CLANG_ANALYZER_NUMBER_OBJECT_CONVERSION = YES_AGGRESSIVE;
				CLANG_CXX_LANGUAGE_STANDARD = "gnu++14";
				CLANG_ENABLE_OBJC_WEAK = YES;
				CLANG_WARN_BLOCK_CAPTURE_AUTORELEASING = YES;
				CLANG_WARN_COMMA = YES;
				CLANG_WARN_DEPRECATED_OBJC_IMPLEMENTATIONS = YES;
				CLANG_WARN_DOCUMENTATION_COMMENTS = YES;
				CLANG_WARN_NON_LITERAL_NULL_CONVERSION = YES;
				CLANG_WARN_OBJC_IMPLICIT_RETAIN_SELF = YES;
				CLANG_WARN_OBJC_LITERAL_CONVERSION = YES;
				CLANG_WARN_RANGE_LOOP_ANALYSIS = YES;
				CLANG_WARN_STRICT_PROTOTYPES = YES;
				CLANG_WARN_UNGUARDED_AVAILABILITY = YES_AGGRESSIVE;
				CODE_SIGN_STYLE = Automatic;
				DEBUG_INFORMATION_FORMAT = dwarf;
				DEVELOPMENT_TEAM = 34N2Z22TKH;
				FRAMEWORK_SEARCH_PATHS = (
					"$(inherited)",
					"$(SRCROOT)",
				);
				GCC_C_LANGUAGE_STANDARD = gnu11;
				HEADER_SEARCH_PATHS = (
					"$(inherited)",
					"$(SRCROOT)",
					"$(SRCROOT)/../../../React",
					"$(SRCROOT)/../../react-native/React",
				);
				IPHONEOS_DEPLOYMENT_TARGET = 9.0;
				MTL_ENABLE_DEBUG_INFO = INCLUDE_SOURCE;
				MTL_FAST_MATH = YES;
				OTHER_LDFLAGS = "-ObjC";
				PRODUCT_NAME = "$(TARGET_NAME)";
				SKIP_INSTALL = YES;
				TARGETED_DEVICE_FAMILY = "1,2";
			};
			name = Debug;
		};
		6F17D05523756B0B00D725AE /* Release */ = {
			isa = XCBuildConfiguration;
			buildSettings = {
				ALWAYS_SEARCH_USER_PATHS = NO;
				CLANG_ANALYZER_NONNULL = YES;
				CLANG_ANALYZER_NUMBER_OBJECT_CONVERSION = YES_AGGRESSIVE;
				CLANG_CXX_LANGUAGE_STANDARD = "gnu++14";
				CLANG_ENABLE_OBJC_WEAK = YES;
				CLANG_WARN_BLOCK_CAPTURE_AUTORELEASING = YES;
				CLANG_WARN_COMMA = YES;
				CLANG_WARN_DEPRECATED_OBJC_IMPLEMENTATIONS = YES;
				CLANG_WARN_DOCUMENTATION_COMMENTS = YES;
				CLANG_WARN_NON_LITERAL_NULL_CONVERSION = YES;
				CLANG_WARN_OBJC_IMPLICIT_RETAIN_SELF = YES;
				CLANG_WARN_OBJC_LITERAL_CONVERSION = YES;
				CLANG_WARN_RANGE_LOOP_ANALYSIS = YES;
				CLANG_WARN_STRICT_PROTOTYPES = YES;
				CLANG_WARN_UNGUARDED_AVAILABILITY = YES_AGGRESSIVE;
				CODE_SIGN_STYLE = Automatic;
				COPY_PHASE_STRIP = NO;
				DEBUG_INFORMATION_FORMAT = "dwarf-with-dsym";
				DEVELOPMENT_TEAM = 34N2Z22TKH;
				FRAMEWORK_SEARCH_PATHS = (
					"$(inherited)",
					"$(SRCROOT)",
				);
				GCC_C_LANGUAGE_STANDARD = gnu11;
				HEADER_SEARCH_PATHS = (
					"$(inherited)",
					"$(SRCROOT)",
					"$(SRCROOT)/../../../React",
					"$(SRCROOT)/../../react-native/React",
				);
				IPHONEOS_DEPLOYMENT_TARGET = 9.0;
				MTL_FAST_MATH = YES;
				OTHER_LDFLAGS = "-ObjC";
				PRODUCT_NAME = "$(TARGET_NAME)";
				SKIP_INSTALL = YES;
				TARGETED_DEVICE_FAMILY = "1,2";
			};
			name = Release;
		};
/* End XCBuildConfiguration section */

/* Begin XCConfigurationList section */
		58B511D61A9E6C8500147676 /* Build configuration list for PBXProject "ReactNativeSynerise" */ = {
			isa = XCConfigurationList;
			buildConfigurations = (
				58B511ED1A9E6C8500147676 /* Debug */,
				58B511EE1A9E6C8500147676 /* Release */,
			);
			defaultConfigurationIsVisible = 0;
			defaultConfigurationName = Release;
		};
		6F17D05323756B0B00D725AE /* Build configuration list for PBXNativeTarget "ReactNativeSynerise" */ = {
			isa = XCConfigurationList;
			buildConfigurations = (
				6F17D05423756B0B00D725AE /* Debug */,
				6F17D05523756B0B00D725AE /* Release */,
			);
			defaultConfigurationIsVisible = 0;
			defaultConfigurationName = Release;
		};
/* End XCConfigurationList section */
	};
	rootObject = 58B511D31A9E6C8500147676 /* Project object */;
}
