// !$*UTF8*$!
{
	archiveVersion = 1;
	classes = {
	};
	objectVersion = 46;
	objects = {

/* Begin PBXBuildFile section */
		6F17D07623756D6F00D725AE /* RNSyneriseInitializer.m in Sources */ = {isa = PBXBuildFile; fileRef = 6F17D06223756C4F00D725AE /* RNSyneriseInitializer.m */; };
		6F17D07723756D6F00D725AE /* RNBaseModule.m in Sources */ = {isa = PBXBuildFile; fileRef = 6F17D06A23756C4F00D725AE /* RNBaseModule.m */; };
		6F17D07923756D6F00D725AE /* RNSettings.m in Sources */ = {isa = PBXBuildFile; fileRef = 6F17D06D23756C4F00D725AE /* RNSettings.m */; };
		6F17D07A23756D6F00D725AE /* RNSynerise.m in Sources */ = {isa = PBXBuildFile; fileRef = 6F17D06523756C4F00D725AE /* RNSynerise.m */; };
		6F17D07B23756D6F00D725AE /* RNClient.m in Sources */ = {isa = PBXBuildFile; fileRef = 6F17D06623756C4F00D725AE /* RNClient.m */; };
		6F17D07C23756D6F00D725AE /* RNTracker.m in Sources */ = {isa = PBXBuildFile; fileRef = 6F17D07023756C4F00D725AE /* RNTracker.m */; };
		6F30542D238BEBEC00D0BD7D /* RNSyneriseManager.m in Sources */ = {isa = PBXBuildFile; fileRef = 6F30542C238BEBEC00D0BD7D /* RNSyneriseManager.m */; };
		6F85452F2385494100067AC5 /* NSDictionary+ReactNative.m in Sources */ = {isa = PBXBuildFile; fileRef = 6F85452E2385494100067AC5 /* NSDictionary+ReactNative.m */; };
		6F8FDD42237D8CCB00EF1CC7 /* RNPromotions.m in Sources */ = {isa = PBXBuildFile; fileRef = 6F8FDD41237D8CCB00EF1CC7 /* RNPromotions.m */; };
		6FCFFCF1238434A400EBD863 /* NSMutableDictionary+ReactNative.m in Sources */ = {isa = PBXBuildFile; fileRef = 6FCFFCF0238434A400EBD863 /* NSMutableDictionary+ReactNative.m */; };
		FF0827AB2388190E00B88D52 /* RNNotifications.m in Sources */ = {isa = PBXBuildFile; fileRef = FF0827AA2388190E00B88D52 /* RNNotifications.m */; };
		FF0827AE2388191900B88D52 /* RNInjector.m in Sources */ = {isa = PBXBuildFile; fileRef = FF0827AD2388191900B88D52 /* RNInjector.m */; };
		FF5BBC032449BA230074FA2E /* RNContent.m in Sources */ = {isa = PBXBuildFile; fileRef = FF5BBC022449BA230074FA2E /* RNContent.m */; };
		FFB64BC7238893A6001856B7 /* RNSyneriseEventEmitter.m in Sources */ = {isa = PBXBuildFile; fileRef = FFB64BC6238893A6001856B7 /* RNSyneriseEventEmitter.m */; };
/* End PBXBuildFile section */

/* Begin PBXCopyFilesBuildPhase section */
		6F17D04B23756B0B00D725AE /* CopyFiles */ = {
			isa = PBXCopyFilesBuildPhase;
			buildActionMask = 2147483647;
			dstPath = "include/$(PRODUCT_NAME)";
			dstSubfolderSpec = 16;
			files = (
			);
			runOnlyForDeploymentPostprocessing = 0;
		};
/* End PBXCopyFilesBuildPhase section */

/* Begin PBXFileReference section */
		6F17D06023756C4F00D725AE /* ReactNativeSynerise.h */ = {isa = PBXFileReference; lastKnownFileType = sourcecode.c.h; path = ReactNativeSynerise.h; sourceTree = "<group>"; };
		6F17D06223756C4F00D725AE /* RNSyneriseInitializer.m */ = {isa = PBXFileReference; lastKnownFileType = sourcecode.c.objc; path = RNSyneriseInitializer.m; sourceTree = "<group>"; };
		6F17D06323756C4F00D725AE /* RNSyneriseInitializer.h */ = {isa = PBXFileReference; lastKnownFileType = sourcecode.c.h; path = RNSyneriseInitializer.h; sourceTree = "<group>"; };
		6F17D06523756C4F00D725AE /* RNSynerise.m */ = {isa = PBXFileReference; lastKnownFileType = sourcecode.c.objc; path = RNSynerise.m; sourceTree = "<group>"; };
		6F17D06623756C4F00D725AE /* RNClient.m */ = {isa = PBXFileReference; lastKnownFileType = sourcecode.c.objc; path = RNClient.m; sourceTree = "<group>"; };
		6F17D06723756C4F00D725AE /* RNSettings.h */ = {isa = PBXFileReference; lastKnownFileType = sourcecode.c.h; path = RNSettings.h; sourceTree = "<group>"; };
		6F17D06923756C4F00D725AE /* RNTracker.h */ = {isa = PBXFileReference; lastKnownFileType = sourcecode.c.h; path = RNTracker.h; sourceTree = "<group>"; };
		6F17D06A23756C4F00D725AE /* RNBaseModule.m */ = {isa = PBXFileReference; lastKnownFileType = sourcecode.c.objc; path = RNBaseModule.m; sourceTree = "<group>"; };
		6F17D06B23756C4F00D725AE /* RNClient.h */ = {isa = PBXFileReference; lastKnownFileType = sourcecode.c.h; path = RNClient.h; sourceTree = "<group>"; };
		6F17D06C23756C4F00D725AE /* RNSynerise.h */ = {isa = PBXFileReference; lastKnownFileType = sourcecode.c.h; path = RNSynerise.h; sourceTree = "<group>"; };
		6F17D06D23756C4F00D725AE /* RNSettings.m */ = {isa = PBXFileReference; lastKnownFileType = sourcecode.c.objc; path = RNSettings.m; sourceTree = "<group>"; };
		6F17D06F23756C4F00D725AE /* RNBaseModule.h */ = {isa = PBXFileReference; lastKnownFileType = sourcecode.c.h; path = RNBaseModule.h; sourceTree = "<group>"; };
		6F17D07023756C4F00D725AE /* RNTracker.m */ = {isa = PBXFileReference; lastKnownFileType = sourcecode.c.objc; path = RNTracker.m; sourceTree = "<group>"; };
		6F30542B238BEBEC00D0BD7D /* RNSyneriseManager.h */ = {isa = PBXFileReference; lastKnownFileType = sourcecode.c.h; path = RNSyneriseManager.h; sourceTree = "<group>"; };
		6F30542C238BEBEC00D0BD7D /* RNSyneriseManager.m */ = {isa = PBXFileReference; lastKnownFileType = sourcecode.c.objc; path = RNSyneriseManager.m; sourceTree = "<group>"; };
		6F85452D2385494100067AC5 /* NSDictionary+ReactNative.h */ = {isa = PBXFileReference; lastKnownFileType = sourcecode.c.h; path = "NSDictionary+ReactNative.h"; sourceTree = "<group>"; };
		6F85452E2385494100067AC5 /* NSDictionary+ReactNative.m */ = {isa = PBXFileReference; lastKnownFileType = sourcecode.c.objc; path = "NSDictionary+ReactNative.m"; sourceTree = "<group>"; };
		6F8FDD40237D8CCB00EF1CC7 /* RNPromotions.h */ = {isa = PBXFileReference; lastKnownFileType = sourcecode.c.h; path = RNPromotions.h; sourceTree = "<group>"; };
		6F8FDD41237D8CCB00EF1CC7 /* RNPromotions.m */ = {isa = PBXFileReference; lastKnownFileType = sourcecode.c.objc; path = RNPromotions.m; sourceTree = "<group>"; };
		6FCFFCEF238434A400EBD863 /* NSMutableDictionary+ReactNative.h */ = {isa = PBXFileReference; lastKnownFileType = sourcecode.c.h; path = "NSMutableDictionary+ReactNative.h"; sourceTree = "<group>"; };
		6FCFFCF0238434A400EBD863 /* NSMutableDictionary+ReactNative.m */ = {isa = PBXFileReference; lastKnownFileType = sourcecode.c.objc; path = "NSMutableDictionary+ReactNative.m"; sourceTree = "<group>"; };
		6FF3B32D23758DB5009EC43C /* libReactNativeSynerise.a */ = {isa = PBXFileReference; explicitFileType = archive.ar; includeInIndex = 0; path = libReactNativeSynerise.a; sourceTree = BUILT_PRODUCTS_DIR; };
		FF0827A92388190E00B88D52 /* RNNotifications.h */ = {isa = PBXFileReference; lastKnownFileType = sourcecode.c.h; path = RNNotifications.h; sourceTree = "<group>"; };
		FF0827AA2388190E00B88D52 /* RNNotifications.m */ = {isa = PBXFileReference; lastKnownFileType = sourcecode.c.objc; path = RNNotifications.m; sourceTree = "<group>"; };
		FF0827AC2388191900B88D52 /* RNInjector.h */ = {isa = PBXFileReference; lastKnownFileType = sourcecode.c.h; path = RNInjector.h; sourceTree = "<group>"; };
		FF0827AD2388191900B88D52 /* RNInjector.m */ = {isa = PBXFileReference; lastKnownFileType = sourcecode.c.objc; path = RNInjector.m; sourceTree = "<group>"; };
		FF5BBC012449BA230074FA2E /* RNContent.h */ = {isa = PBXFileReference; lastKnownFileType = sourcecode.c.h; path = RNContent.h; sourceTree = "<group>"; };
		FF5BBC022449BA230074FA2E /* RNContent.m */ = {isa = PBXFileReference; lastKnownFileType = sourcecode.c.objc; path = RNContent.m; sourceTree = "<group>"; };
		FFB64BC5238893A6001856B7 /* RNSyneriseEventEmitter.h */ = {isa = PBXFileReference; lastKnownFileType = sourcecode.c.h; name = RNSyneriseEventEmitter.h; path = ReactNativeSynerise/Main/RNSyneriseEventEmitter.h; sourceTree = SOURCE_ROOT; };
		FFB64BC6238893A6001856B7 /* RNSyneriseEventEmitter.m */ = {isa = PBXFileReference; lastKnownFileType = sourcecode.c.objc; name = RNSyneriseEventEmitter.m; path = ReactNativeSynerise/Main/RNSyneriseEventEmitter.m; sourceTree = SOURCE_ROOT; };
/* End PBXFileReference section */

/* Begin PBXFrameworksBuildPhase section */
		6F17D04A23756B0B00D725AE /* Frameworks */ = {
			isa = PBXFrameworksBuildPhase;
			buildActionMask = 2147483647;
			files = (
			);
			runOnlyForDeploymentPostprocessing = 0;
		};
/* End PBXFrameworksBuildPhase section */

/* Begin PBXGroup section */
		134814211AA4EA7D00B7C361 /* Products */ = {
			isa = PBXGroup;
			children = (
			);
			name = Products;
			sourceTree = "<group>";
		};
		58B511D21A9E6C8500147676 = {
			isa = PBXGroup;
			children = (
				6F17D05E23756C4F00D725AE /* ReactNativeSynerise */,
				134814211AA4EA7D00B7C361 /* Products */,
				6FF3B32D23758DB5009EC43C /* libReactNativeSynerise.a */,
			);
			sourceTree = "<group>";
		};
		6F17D05E23756C4F00D725AE /* ReactNativeSynerise */ = {
			isa = PBXGroup;
			children = (
				6F17D06023756C4F00D725AE /* ReactNativeSynerise.h */,
				6FCFFCEE2384347500EBD863 /* Categories */,
				FFB8DEA227A9405800E70EBB /* Classes */,
				6F17D06123756C4F00D725AE /* Main */,
				6F17D06423756C4F00D725AE /* Modules */,
			);
			path = ReactNativeSynerise;
			sourceTree = "<group>";
		};
		6F17D06123756C4F00D725AE /* Main */ = {
			isa = PBXGroup;
			children = (
				6F17D06323756C4F00D725AE /* RNSyneriseInitializer.h */,
				6F17D06223756C4F00D725AE /* RNSyneriseInitializer.m */,
				6F30542B238BEBEC00D0BD7D /* RNSyneriseManager.h */,
				6F30542C238BEBEC00D0BD7D /* RNSyneriseManager.m */,
				FFB64BC5238893A6001856B7 /* RNSyneriseEventEmitter.h */,
				FFB64BC6238893A6001856B7 /* RNSyneriseEventEmitter.m */,
			);
			path = Main;
			sourceTree = "<group>";
		};
		6F17D06423756C4F00D725AE /* Modules */ = {
			isa = PBXGroup;
			children = (
				6F17D06F23756C4F00D725AE /* RNBaseModule.h */,
				6F17D06A23756C4F00D725AE /* RNBaseModule.m */,
				6F17D06723756C4F00D725AE /* RNSettings.h */,
				6F17D06D23756C4F00D725AE /* RNSettings.m */,
				6F17D06C23756C4F00D725AE /* RNSynerise.h */,
				6F17D06523756C4F00D725AE /* RNSynerise.m */,
				FF0827A92388190E00B88D52 /* RNNotifications.h */,
				FF0827AA2388190E00B88D52 /* RNNotifications.m */,
				6F17D06B23756C4F00D725AE /* RNClient.h */,
				6F17D06623756C4F00D725AE /* RNClient.m */,
				6F17D06923756C4F00D725AE /* RNTracker.h */,
				6F17D07023756C4F00D725AE /* RNTracker.m */,
				FF0827AC2388191900B88D52 /* RNInjector.h */,
				FF0827AD2388191900B88D52 /* RNInjector.m */,
				6F8FDD40237D8CCB00EF1CC7 /* RNPromotions.h */,
				6F8FDD41237D8CCB00EF1CC7 /* RNPromotions.m */,
				FF5BBC012449BA230074FA2E /* RNContent.h */,
				FF5BBC022449BA230074FA2E /* RNContent.m */,
			);
			path = Modules;
			sourceTree = "<group>";
		};
		6FCFFCEE2384347500EBD863 /* Categories */ = {
			isa = PBXGroup;
			children = (
				6F85452D2385494100067AC5 /* NSDictionary+ReactNative.h */,
				6F85452E2385494100067AC5 /* NSDictionary+ReactNative.m */,
				6FCFFCEF238434A400EBD863 /* NSMutableDictionary+ReactNative.h */,
				6FCFFCF0238434A400EBD863 /* NSMutableDictionary+ReactNative.m */,
			);
			path = Categories;
			sourceTree = "<group>";
		};
		FFB8DEA227A9405800E70EBB /* Classes */ = {
			isa = PBXGroup;
			children = (
			);
			path = Classes;
			sourceTree = "<group>";
		};
/* End PBXGroup section */

/* Begin PBXNativeTarget section */
		6F17D04C23756B0B00D725AE /* ReactNativeSynerise */ = {
			isa = PBXNativeTarget;
			buildConfigurationList = 6F17D05323756B0B00D725AE /* Build configuration list for PBXNativeTarget "ReactNativeSynerise" */;
			buildPhases = (
				6F17D04923756B0B00D725AE /* Sources */,
				6F17D04A23756B0B00D725AE /* Frameworks */,
				6F17D04B23756B0B00D725AE /* CopyFiles */,
			);
			buildRules = (
			);
			dependencies = (
			);
			name = ReactNativeSynerise;
			productName = ReactNativeSynerise;
			productReference = 6FF3B32D23758DB5009EC43C /* libReactNativeSynerise.a */;
			productType = "com.apple.product-type.library.static";
		};
/* End PBXNativeTarget section */

/* Begin PBXProject section */
		58B511D31A9E6C8500147676 /* Project object */ = {
			isa = PBXProject;
			attributes = {
				LastUpgradeCheck = 0830;
				ORGANIZATIONNAME = Facebook;
				TargetAttributes = {
					6F17D04C23756B0B00D725AE = {
						CreatedOnToolsVersion = 11.2;
						DevelopmentTeam = 34N2Z22TKH;
						ProvisioningStyle = Automatic;
					};
				};
			};
			buildConfigurationList = 58B511D61A9E6C8500147676 /* Build configuration list for PBXProject "ReactNativeSynerise" */;
			compatibilityVersion = "Xcode 3.2";
			developmentRegion = English;
			hasScannedForEncodings = 0;
			knownRegions = (
				English,
				en,
			);
			mainGroup = 58B511D21A9E6C8500147676;
			productRefGroup = 58B511D21A9E6C8500147676;
			projectDirPath = "";
			projectRoot = "";
			targets = (
				6F17D04C23756B0B00D725AE /* ReactNativeSynerise */,
			);
		};
/* End PBXProject section */

/* Begin PBXSourcesBuildPhase section */
		6F17D04923756B0B00D725AE /* Sources */ = {
			isa = PBXSourcesBuildPhase;
			buildActionMask = 2147483647;
			files = (
				FFB64BC7238893A6001856B7 /* RNSyneriseEventEmitter.m in Sources */,
				FF5BBC032449BA230074FA2E /* RNContent.m in Sources */,
				6F17D07623756D6F00D725AE /* RNSyneriseInitializer.m in Sources */,
				6F30542D238BEBEC00D0BD7D /* RNSyneriseManager.m in Sources */,
				6F17D07723756D6F00D725AE /* RNBaseModule.m in Sources */,
				FF0827AB2388190E00B88D52 /* RNNotifications.m in Sources */,
				6F8FDD42237D8CCB00EF1CC7 /* RNPromotions.m in Sources */,
				6FCFFCF1238434A400EBD863 /* NSMutableDictionary+ReactNative.m in Sources */,
				6F17D07923756D6F00D725AE /* RNSettings.m in Sources */,
				6F17D07A23756D6F00D725AE /* RNSynerise.m in Sources */,
				6F85452F2385494100067AC5 /* NSDictionary+ReactNative.m in Sources */,
				FF0827AE2388191900B88D52 /* RNInjector.m in Sources */,
				6F17D07B23756D6F00D725AE /* RNClient.m in Sources */,
				6F17D07C23756D6F00D725AE /* RNTracker.m in Sources */,
			);
			runOnlyForDeploymentPostprocessing = 0;
		};
/* End PBXSourcesBuildPhase section */

/* Begin XCBuildConfiguration section */
		58B511ED1A9E6C8500147676 /* Debug */ = {
			isa = XCBuildConfiguration;
			buildSettings = {
				ALWAYS_SEARCH_USER_PATHS = YES;
				CLANG_CXX_LANGUAGE_STANDARD = "gnu++0x";
				CLANG_CXX_LIBRARY = "libc++";
				CLANG_ENABLE_MODULES = YES;
				CLANG_ENABLE_OBJC_ARC = YES;
				CLANG_WARN_BOOL_CONVERSION = YES;
				CLANG_WARN_CONSTANT_CONVERSION = YES;
				CLANG_WARN_DIRECT_OBJC_ISA_USAGE = YES_ERROR;
				CLANG_WARN_EMPTY_BODY = YES;
				CLANG_WARN_ENUM_CONVERSION = YES;
				CLANG_WARN_INFINITE_RECURSION = YES;
				CLANG_WARN_INT_CONVERSION = YES;
				CLANG_WARN_OBJC_ROOT_CLASS = YES_ERROR;
				CLANG_WARN_SUSPICIOUS_MOVE = YES;
				CLANG_WARN_UNREACHABLE_CODE = YES;
				CLANG_WARN__DUPLICATE_METHOD_MATCH = YES;
				COPY_PHASE_STRIP = NO;
				ENABLE_STRICT_OBJC_MSGSEND = YES;
				ENABLE_TESTABILITY = YES;
				FRAMEWORK_SEARCH_PATHS = (
					"$(inherited)",
					"$(SRCROOT)",
					"$(SRCROOT)/../../react-native/**",
					"$(SRCROOT)/../../../node_modules/react-native/**",
				);
				GCC_C_LANGUAGE_STANDARD = gnu99;
				GCC_DYNAMIC_NO_PIC = NO;
				GCC_NO_COMMON_BLOCKS = YES;
				GCC_OPTIMIZATION_LEVEL = 0;
				GCC_PREFIX_HEADER = "";
				GCC_PREPROCESSOR_DEFINITIONS = (
					"DEBUG=1",
					"$(inherited)",
				);
				GCC_SYMBOLS_PRIVATE_EXTERN = NO;
				GCC_WARN_64_TO_32_BIT_CONVERSION = YES;
				GCC_WARN_ABOUT_RETURN_TYPE = YES_ERROR;
				GCC_WARN_UNDECLARED_SELECTOR = YES;
				GCC_WARN_UNINITIALIZED_AUTOS = YES_AGGRESSIVE;
				GCC_WARN_UNUSED_FUNCTION = YES;
				GCC_WARN_UNUSED_VARIABLE = YES;
				HEADER_SEARCH_PATHS = (
					"$(inherited)",
					"$(SRCROOT)",
				);
				IPHONEOS_DEPLOYMENT_TARGET = 9.0;
				MTL_ENABLE_DEBUG_INFO = YES;
				ONLY_ACTIVE_ARCH = YES;
				SDKROOT = iphoneos;
			};
			name = Debug;
		};
		58B511EE1A9E6C8500147676 /* Release */ = {
			isa = XCBuildConfiguration;
			buildSettings = {
				ALWAYS_SEARCH_USER_PATHS = YES;
				CLANG_CXX_LANGUAGE_STANDARD = "gnu++0x";
				CLANG_CXX_LIBRARY = "libc++";
				CLANG_ENABLE_MODULES = YES;
				CLANG_ENABLE_OBJC_ARC = YES;
				CLANG_WARN_BOOL_CONVERSION = YES;
				CLANG_WARN_CONSTANT_CONVERSION = YES;
				CLANG_WARN_DIRECT_OBJC_ISA_USAGE = YES_ERROR;
				CLANG_WARN_EMPTY_BODY = YES;
				CLANG_WARN_ENUM_CONVERSION = YES;
				CLANG_WARN_INFINITE_RECURSION = YES;
				CLANG_WARN_INT_CONVERSION = YES;
				CLANG_WARN_OBJC_ROOT_CLASS = YES_ERROR;
				CLANG_WARN_SUSPICIOUS_MOVE = YES;
				CLANG_WARN_UNREACHABLE_CODE = YES;
				CLANG_WARN__DUPLICATE_METHOD_MATCH = YES;
				COPY_PHASE_STRIP = YES;
				ENABLE_NS_ASSERTIONS = NO;
				ENABLE_STRICT_OBJC_MSGSEND = YES;
				FRAMEWORK_SEARCH_PATHS = (
					"$(inherited)",
					"$(SRCROOT)",
					"$(SRCROOT)/../../react-native/**",
					"$(SRCROOT)/../../../node_modules/react-native/**",
				);
				GCC_C_LANGUAGE_STANDARD = gnu99;
				GCC_NO_COMMON_BLOCKS = YES;
				GCC_PREFIX_HEADER = "";
				GCC_WARN_64_TO_32_BIT_CONVERSION = YES;
				GCC_WARN_ABOUT_RETURN_TYPE = YES_ERROR;
				GCC_WARN_UNDECLARED_SELECTOR = YES;
				GCC_WARN_UNINITIALIZED_AUTOS = YES_AGGRESSIVE;
				GCC_WARN_UNUSED_FUNCTION = YES;
				GCC_WARN_UNUSED_VARIABLE = YES;
				HEADER_SEARCH_PATHS = (
					"$(inherited)",
					"$(SRCROOT)",
				);
				IPHONEOS_DEPLOYMENT_TARGET = 9.0;
				MTL_ENABLE_DEBUG_INFO = NO;
				SDKROOT = iphoneos;
				VALIDATE_PRODUCT = YES;
			};
			name = Release;
		};
		6F17D05423756B0B00D725AE /* Debug */ = {
			isa = XCBuildConfiguration;
			buildSettings = {
				ALWAYS_SEARCH_USER_PATHS = NO;
				CLANG_ANALYZER_NONNULL = YES;
				CLANG_ANALYZER_NUMBER_OBJECT_CONVERSION = YES_AGGRESSIVE;
				CLANG_CXX_LANGUAGE_STANDARD = "gnu++14";
				CLANG_ENABLE_OBJC_WEAK = YES;
				CLANG_WARN_BLOCK_CAPTURE_AUTORELEASING = YES;
				CLANG_WARN_COMMA = YES;
				CLANG_WARN_DEPRECATED_OBJC_IMPLEMENTATIONS = YES;
				CLANG_WARN_DOCUMENTATION_COMMENTS = YES;
				CLANG_WARN_NON_LITERAL_NULL_CONVERSION = YES;
				CLANG_WARN_OBJC_IMPLICIT_RETAIN_SELF = YES;
				CLANG_WARN_OBJC_LITERAL_CONVERSION = YES;
				CLANG_WARN_RANGE_LOOP_ANALYSIS = YES;
				CLANG_WARN_STRICT_PROTOTYPES = YES;
				CLANG_WARN_UNGUARDED_AVAILABILITY = YES_AGGRESSIVE;
				CODE_SIGN_STYLE = Automatic;
				DEBUG_INFORMATION_FORMAT = dwarf;
				DEVELOPMENT_TEAM = 34N2Z22TKH;
				FRAMEWORK_SEARCH_PATHS = (
					"$(inherited)",
					"$(SRCROOT)",
				);
				GCC_C_LANGUAGE_STANDARD = gnu11;
				HEADER_SEARCH_PATHS = (
					"$(inherited)",
					"$(SRCROOT)",
					"$(SRCROOT)/../../../React",
					"$(SRCROOT)/../../react-native/React",
				);
				IPHONEOS_DEPLOYMENT_TARGET = 9.0;
				MTL_ENABLE_DEBUG_INFO = INCLUDE_SOURCE;
				MTL_FAST_MATH = YES;
				OTHER_LDFLAGS = "-ObjC";
				PRODUCT_NAME = "$(TARGET_NAME)";
				SKIP_INSTALL = YES;
				TARGETED_DEVICE_FAMILY = "1,2";
			};
			name = Debug;
		};
		6F17D05523756B0B00D725AE /* Release */ = {
			isa = XCBuildConfiguration;
			buildSettings = {
				ALWAYS_SEARCH_USER_PATHS = NO;
				CLANG_ANALYZER_NONNULL = YES;
				CLANG_ANALYZER_NUMBER_OBJECT_CONVERSION = YES_AGGRESSIVE;
				CLANG_CXX_LANGUAGE_STANDARD = "gnu++14";
				CLANG_ENABLE_OBJC_WEAK = YES;
				CLANG_WARN_BLOCK_CAPTURE_AUTORELEASING = YES;
				CLANG_WARN_COMMA = YES;
				CLANG_WARN_DEPRECATED_OBJC_IMPLEMENTATIONS = YES;
				CLANG_WARN_DOCUMENTATION_COMMENTS = YES;
				CLANG_WARN_NON_LITERAL_NULL_CONVERSION = YES;
				CLANG_WARN_OBJC_IMPLICIT_RETAIN_SELF = YES;
				CLANG_WARN_OBJC_LITERAL_CONVERSION = YES;
				CLANG_WARN_RANGE_LOOP_ANALYSIS = YES;
				CLANG_WARN_STRICT_PROTOTYPES = YES;
				CLANG_WARN_UNGUARDED_AVAILABILITY = YES_AGGRESSIVE;
				CODE_SIGN_STYLE = Automatic;
				COPY_PHASE_STRIP = NO;
				DEBUG_INFORMATION_FORMAT = "dwarf-with-dsym";
				DEVELOPMENT_TEAM = 34N2Z22TKH;
				FRAMEWORK_SEARCH_PATHS = (
					"$(inherited)",
					"$(SRCROOT)",
				);
				GCC_C_LANGUAGE_STANDARD = gnu11;
				HEADER_SEARCH_PATHS = (
					"$(inherited)",
					"$(SRCROOT)",
					"$(SRCROOT)/../../../React",
					"$(SRCROOT)/../../react-native/React",
				);
				IPHONEOS_DEPLOYMENT_TARGET = 9.0;
				MTL_FAST_MATH = YES;
				OTHER_LDFLAGS = "-ObjC";
				PRODUCT_NAME = "$(TARGET_NAME)";
				SKIP_INSTALL = YES;
				TARGETED_DEVICE_FAMILY = "1,2";
			};
			name = Release;
		};
/* End XCBuildConfiguration section */

/* Begin XCConfigurationList section */
		58B511D61A9E6C8500147676 /* Build configuration list for PBXProject "ReactNativeSynerise" */ = {
			isa = XCConfigurationList;
			buildConfigurations = (
				58B511ED1A9E6C8500147676 /* Debug */,
				58B511EE1A9E6C8500147676 /* Release */,
			);
			defaultConfigurationIsVisible = 0;
			defaultConfigurationName = Release;
		};
		6F17D05323756B0B00D725AE /* Build configuration list for PBXNativeTarget "ReactNativeSynerise" */ = {
			isa = XCConfigurationList;
			buildConfigurations = (
				6F17D05423756B0B00D725AE /* Debug */,
				6F17D05523756B0B00D725AE /* Release */,
			);
			defaultConfigurationIsVisible = 0;
			defaultConfigurationName = Release;
		};
/* End XCConfigurationList section */
	};
	rootObject = 58B511D31A9E6C8500147676 /* Project object */;
}
